
Microsoft Visual Studio Solution File, Format Version 12.00
# Visual Studio Version 17
VisualStudioVersion = 17.9.34407.89
MinimumVisualStudioVersion = 10.0.40219.1
Project("{FAE04EC0-301F-11D3-BF4B-00C04F79EFBC}") = "WITSML", "WITSML\WITSML.csproj", "{C05B2AED-261C-49FA-8533-BEFC18DA0114}"
EndProject
Global
	GlobalSection(SolutionConfigurationPlatforms) = preSolution
		Debug|Any CPU = Debug|Any CPU
		Release|Any CPU = Release|Any CPU
	EndGlobalSection
	GlobalSection(ProjectConfigurationPlatforms) = postSolution
		{C05B2AED-261C-49FA-8533-BEFC18DA0114}.Debug|Any CPU.ActiveCfg = Debug|Any CPU
		{C05B2AED-261C-49FA-8533-BEFC18DA0114}.Debug|Any CPU.Build.0 = Debug|Any CPU
		{C05B2AED-261C-49FA-8533-BEFC18DA0114}.Release|Any CPU.ActiveCfg = Release|Any CPU
		{C05B2AED-261C-49FA-8533-BEFC18DA0114}.Release|Any CPU.Build.0 = Release|Any CPU
	EndGlobalSection
	GlobalSection(SolutionProperties) = preSolution
		HideSolutionNode = FALSE
	EndGlobalSection
	GlobalSection(ExtensibilityGlobals) = postSolution
		SolutionGuid = {04C0AB6A-8CC1-4EC6-BAFD-6DE162F51ED9}
	EndGlobalSection
EndGlobal
